
Microsoft Visual Studio Solution File, Format Version 12.00
# Visual Studio Version 17
VisualStudioVersion = 17.1.32328.378
MinimumVisualStudioVersion = 10.0.40219.1
Project("{FAE04EC0-301F-11D3-BF4B-00C04F79EFBC}") = "1533508_soloProject", "1533508_soloProject\1533508_soloProject.csproj", "{B3F943DB-5DAC-4E8F-84C3-296AE9CBD350}"
EndProject
Global
	GlobalSection(SolutionConfigurationPlatforms) = preSolution
		Debug|Any CPU = Debug|Any CPU
		Release|Any CPU = Release|Any CPU
	EndGlobalSection
	GlobalSection(ProjectConfigurationPlatforms) = postSolution
		{B3F943DB-5DAC-4E8F-84C3-296AE9CBD350}.Debug|Any CPU.ActiveCfg = Debug|Any CPU
		{B3F943DB-5DAC-4E8F-84C3-296AE9CBD350}.Debug|Any CPU.Build.0 = Debug|Any CPU
		{B3F943DB-5DAC-4E8F-84C3-296AE9CBD350}.Release|Any CPU.ActiveCfg = Release|Any CPU
		{B3F943DB-5DAC-4E8F-84C3-296AE9CBD350}.Release|Any CPU.Build.0 = Release|Any CPU
	EndGlobalSection
	GlobalSection(SolutionProperties) = preSolution
		HideSolutionNode = FALSE
	EndGlobalSection
	GlobalSection(ExtensibilityGlobals) = postSolution
		SolutionGuid = {8CD756D9-AF96-459A-B63C-517D014B9A3F}
	EndGlobalSection
EndGlobal
